
Microsoft Visual Studio Solution File, Format Version 12.00
# Visual Studio Version 16
VisualStudioVersion = 16.0.33529.622
MinimumVisualStudioVersion = 10.0.40219.1
Project("{FAE04EC0-301F-11D3-BF4B-00C04F79EFBC}") = "Calculator", "Calculator\Calculator.csproj", "{934CC896-4CCE-4A4C-B451-EC9ED5FAD95E}"
EndProject
Project("{FAE04EC0-301F-11D3-BF4B-00C04F79EFBC}") = "TestCalculator", "TestCalculator\TestCalculator.csproj", "{02C24322-4DF2-486B-A9AE-E524B065FC0B}"
EndProject
Global
	GlobalSection(SolutionConfigurationPlatforms) = preSolution
		Debug|Any CPU = Debug|Any CPU
		Release|Any CPU = Release|Any CPU
	EndGlobalSection
	GlobalSection(ProjectConfigurationPlatforms) = postSolution
		{934CC896-4CCE-4A4C-B451-EC9ED5FAD95E}.Debug|Any CPU.ActiveCfg = Debug|Any CPU
		{934CC896-4CCE-4A4C-B451-EC9ED5FAD95E}.Debug|Any CPU.Build.0 = Debug|Any CPU
		{934CC896-4CCE-4A4C-B451-EC9ED5FAD95E}.Release|Any CPU.ActiveCfg = Release|Any CPU
		{934CC896-4CCE-4A4C-B451-EC9ED5FAD95E}.Release|Any CPU.Build.0 = Release|Any CPU
		{02C24322-4DF2-486B-A9AE-E524B065FC0B}.Debug|Any CPU.ActiveCfg = Debug|Any CPU
		{02C24322-4DF2-486B-A9AE-E524B065FC0B}.Debug|Any CPU.Build.0 = Debug|Any CPU
		{02C24322-4DF2-486B-A9AE-E524B065FC0B}.Release|Any CPU.ActiveCfg = Release|Any CPU
		{02C24322-4DF2-486B-A9AE-E524B065FC0B}.Release|Any CPU.Build.0 = Release|Any CPU
	EndGlobalSection
	GlobalSection(SolutionProperties) = preSolution
		HideSolutionNode = FALSE
	EndGlobalSection
	GlobalSection(ExtensibilityGlobals) = postSolution
		SolutionGuid = {41EA4F12-C21B-4ABF-9677-CFF4A2D431C1}
	EndGlobalSection
EndGlobal
